
Microsoft Visual Studio Solution File, Format Version 12.00
# Visual Studio Version 16
VisualStudioVersion = 16.0.30907.101
MinimumVisualStudioVersion = 10.0.40219.1
Project("{FAE04EC0-301F-11D3-BF4B-00C04F79EFBC}") = "exercicio2", "exercicio2\exercicio2.csproj", "{DAAADC7A-C423-4589-A9B0-CA1A3C9C0A0D}"
EndProject
Global
	GlobalSection(SolutionConfigurationPlatforms) = preSolution
		Debug|Any CPU = Debug|Any CPU
		Release|Any CPU = Release|Any CPU
	EndGlobalSection
	GlobalSection(ProjectConfigurationPlatforms) = postSolution
		{DAAADC7A-C423-4589-A9B0-CA1A3C9C0A0D}.Debug|Any CPU.ActiveCfg = Debug|Any CPU
		{DAAADC7A-C423-4589-A9B0-CA1A3C9C0A0D}.Debug|Any CPU.Build.0 = Debug|Any CPU
		{DAAADC7A-C423-4589-A9B0-CA1A3C9C0A0D}.Release|Any CPU.ActiveCfg = Release|Any CPU
		{DAAADC7A-C423-4589-A9B0-CA1A3C9C0A0D}.Release|Any CPU.Build.0 = Release|Any CPU
	EndGlobalSection
	GlobalSection(SolutionProperties) = preSolution
		HideSolutionNode = FALSE
	EndGlobalSection
	GlobalSection(ExtensibilityGlobals) = postSolution
		SolutionGuid = {1510B4AA-E8F1-441B-BF0B-6D645D60353F}
	EndGlobalSection
EndGlobal
