
Microsoft Visual Studio Solution File, Format Version 12.00
# Visual Studio Version 16
VisualStudioVersion = 16.0.30907.101
MinimumVisualStudioVersion = 10.0.40219.1
Project("{FAE04EC0-301F-11D3-BF4B-00C04F79EFBC}") = "numero_primos", "numero_primos\numero_primos.csproj", "{55147B1D-E603-4A7B-AA83-204098947BA4}"
EndProject
Global
	GlobalSection(SolutionConfigurationPlatforms) = preSolution
		Debug|Any CPU = Debug|Any CPU
		Release|Any CPU = Release|Any CPU
	EndGlobalSection
	GlobalSection(ProjectConfigurationPlatforms) = postSolution
		{55147B1D-E603-4A7B-AA83-204098947BA4}.Debug|Any CPU.ActiveCfg = Debug|Any CPU
		{55147B1D-E603-4A7B-AA83-204098947BA4}.Debug|Any CPU.Build.0 = Debug|Any CPU
		{55147B1D-E603-4A7B-AA83-204098947BA4}.Release|Any CPU.ActiveCfg = Release|Any CPU
		{55147B1D-E603-4A7B-AA83-204098947BA4}.Release|Any CPU.Build.0 = Release|Any CPU
	EndGlobalSection
	GlobalSection(SolutionProperties) = preSolution
		HideSolutionNode = FALSE
	EndGlobalSection
	GlobalSection(ExtensibilityGlobals) = postSolution
		SolutionGuid = {808FAFF9-B7C5-48ED-ADAB-270F4844EB14}
	EndGlobalSection
EndGlobal
