
Microsoft Visual Studio Solution File, Format Version 12.00
# Visual Studio Version 16
VisualStudioVersion = 16.0.31019.35
MinimumVisualStudioVersion = 10.0.40219.1
Project("{FAE04EC0-301F-11D3-BF4B-00C04F79EFBC}") = "ProjetoPizzaEx5MVC", "ProjetoPizzaEx5MVC\ProjetoPizzaEx5MVC.csproj", "{1BBC17CD-30D1-4F79-965E-0F4FB4827B5E}"
EndProject
Global
	GlobalSection(SolutionConfigurationPlatforms) = preSolution
		Debug|Any CPU = Debug|Any CPU
		Release|Any CPU = Release|Any CPU
	EndGlobalSection
	GlobalSection(ProjectConfigurationPlatforms) = postSolution
		{1BBC17CD-30D1-4F79-965E-0F4FB4827B5E}.Debug|Any CPU.ActiveCfg = Debug|Any CPU
		{1BBC17CD-30D1-4F79-965E-0F4FB4827B5E}.Debug|Any CPU.Build.0 = Debug|Any CPU
		{1BBC17CD-30D1-4F79-965E-0F4FB4827B5E}.Release|Any CPU.ActiveCfg = Release|Any CPU
		{1BBC17CD-30D1-4F79-965E-0F4FB4827B5E}.Release|Any CPU.Build.0 = Release|Any CPU
	EndGlobalSection
	GlobalSection(SolutionProperties) = preSolution
		HideSolutionNode = FALSE
	EndGlobalSection
	GlobalSection(ExtensibilityGlobals) = postSolution
		SolutionGuid = {B30475EE-CAA0-4A9E-B1FE-293F80BBBA40}
	EndGlobalSection
EndGlobal
