
Microsoft Visual Studio Solution File, Format Version 12.00
# Visual Studio Version 16
VisualStudioVersion = 16.0.30907.101
MinimumVisualStudioVersion = 10.0.40219.1
Project("{FAE04EC0-301F-11D3-BF4B-00C04F79EFBC}") = "exercicio_array", "exercicio_array\exercicio_array.csproj", "{62D124F1-DDEC-4941-A656-E7978C5CB44E}"
EndProject
Global
	GlobalSection(SolutionConfigurationPlatforms) = preSolution
		Debug|Any CPU = Debug|Any CPU
		Release|Any CPU = Release|Any CPU
	EndGlobalSection
	GlobalSection(ProjectConfigurationPlatforms) = postSolution
		{62D124F1-DDEC-4941-A656-E7978C5CB44E}.Debug|Any CPU.ActiveCfg = Debug|Any CPU
		{62D124F1-DDEC-4941-A656-E7978C5CB44E}.Debug|Any CPU.Build.0 = Debug|Any CPU
		{62D124F1-DDEC-4941-A656-E7978C5CB44E}.Release|Any CPU.ActiveCfg = Release|Any CPU
		{62D124F1-DDEC-4941-A656-E7978C5CB44E}.Release|Any CPU.Build.0 = Release|Any CPU
	EndGlobalSection
	GlobalSection(SolutionProperties) = preSolution
		HideSolutionNode = FALSE
	EndGlobalSection
	GlobalSection(ExtensibilityGlobals) = postSolution
		SolutionGuid = {D9351F10-1770-4223-B8A9-2F94508E2172}
	EndGlobalSection
EndGlobal
