
Microsoft Visual Studio Solution File, Format Version 12.00
# Visual Studio Version 16
VisualStudioVersion = 16.0.30907.101
MinimumVisualStudioVersion = 10.0.40219.1
Project("{FAE04EC0-301F-11D3-BF4B-00C04F79EFBC}") = "exercicio2_array", "exercicio2_array\exercicio2_array.csproj", "{7055A2F5-3CFF-40B6-9EA9-57D2FBA4A77F}"
EndProject
Global
	GlobalSection(SolutionConfigurationPlatforms) = preSolution
		Debug|Any CPU = Debug|Any CPU
		Release|Any CPU = Release|Any CPU
	EndGlobalSection
	GlobalSection(ProjectConfigurationPlatforms) = postSolution
		{7055A2F5-3CFF-40B6-9EA9-57D2FBA4A77F}.Debug|Any CPU.ActiveCfg = Debug|Any CPU
		{7055A2F5-3CFF-40B6-9EA9-57D2FBA4A77F}.Debug|Any CPU.Build.0 = Debug|Any CPU
		{7055A2F5-3CFF-40B6-9EA9-57D2FBA4A77F}.Release|Any CPU.ActiveCfg = Release|Any CPU
		{7055A2F5-3CFF-40B6-9EA9-57D2FBA4A77F}.Release|Any CPU.Build.0 = Release|Any CPU
	EndGlobalSection
	GlobalSection(SolutionProperties) = preSolution
		HideSolutionNode = FALSE
	EndGlobalSection
	GlobalSection(ExtensibilityGlobals) = postSolution
		SolutionGuid = {A512A900-0A2F-451F-85B8-04405990E5E0}
	EndGlobalSection
EndGlobal
