
Microsoft Visual Studio Solution File, Format Version 12.00
# Visual Studio Version 16
VisualStudioVersion = 16.0.31019.35
MinimumVisualStudioVersion = 10.0.40219.1
Project("{FAE04EC0-301F-11D3-BF4B-00C04F79EFBC}") = "Data", "Data.csproj", "{F81E2C31-FBA0-49F4-94DE-F30829168102}"
EndProject
Global
	GlobalSection(SolutionConfigurationPlatforms) = preSolution
		Debug|Any CPU = Debug|Any CPU
		Release|Any CPU = Release|Any CPU
	EndGlobalSection
	GlobalSection(ProjectConfigurationPlatforms) = postSolution
		{F81E2C31-FBA0-49F4-94DE-F30829168102}.Debug|Any CPU.ActiveCfg = Debug|Any CPU
		{F81E2C31-FBA0-49F4-94DE-F30829168102}.Debug|Any CPU.Build.0 = Debug|Any CPU
		{F81E2C31-FBA0-49F4-94DE-F30829168102}.Release|Any CPU.ActiveCfg = Release|Any CPU
		{F81E2C31-FBA0-49F4-94DE-F30829168102}.Release|Any CPU.Build.0 = Release|Any CPU
	EndGlobalSection
	GlobalSection(SolutionProperties) = preSolution
		HideSolutionNode = FALSE
	EndGlobalSection
	GlobalSection(ExtensibilityGlobals) = postSolution
		SolutionGuid = {95AFD6F9-4539-465F-8B5B-69C2A9FE75BF}
	EndGlobalSection
EndGlobal
